
Microsoft Visual Studio Solution File, Format Version 12.00
# Visual Studio Version 17
VisualStudioVersion = 17.5.002.0
MinimumVisualStudioVersion = 10.0.40219.1
Project("{9A19103F-16F7-4668-BE54-9A1E7A4F7556}") = "SpaceBattle.Lib", "SpaceBattle.Lib\SpaceBattle.Lib.csproj", "{443F8C56-636F-4979-A3FE-CD858B1A4BD7}"
EndProject
Project("{9A19103F-16F7-4668-BE54-9A1E7A4F7556}") = "SpaceBattle.Lib.Tests", "SpaceBattle.Lib.Tests\SpaceBattle.Lib.Tests.csproj", "{AB0F1901-35DE-454E-8208-BB10ABFFECCE}"
EndProject
Global
	GlobalSection(SolutionConfigurationPlatforms) = preSolution
		Debug|Any CPU = Debug|Any CPU
		Release|Any CPU = Release|Any CPU
	EndGlobalSection
	GlobalSection(ProjectConfigurationPlatforms) = postSolution
		{443F8C56-636F-4979-A3FE-CD858B1A4BD7}.Debug|Any CPU.ActiveCfg = Debug|Any CPU
		{443F8C56-636F-4979-A3FE-CD858B1A4BD7}.Debug|Any CPU.Build.0 = Debug|Any CPU
		{443F8C56-636F-4979-A3FE-CD858B1A4BD7}.Release|Any CPU.ActiveCfg = Release|Any CPU
		{443F8C56-636F-4979-A3FE-CD858B1A4BD7}.Release|Any CPU.Build.0 = Release|Any CPU
		{AB0F1901-35DE-454E-8208-BB10ABFFECCE}.Debug|Any CPU.ActiveCfg = Debug|Any CPU
		{AB0F1901-35DE-454E-8208-BB10ABFFECCE}.Debug|Any CPU.Build.0 = Debug|Any CPU
		{AB0F1901-35DE-454E-8208-BB10ABFFECCE}.Release|Any CPU.ActiveCfg = Release|Any CPU
		{AB0F1901-35DE-454E-8208-BB10ABFFECCE}.Release|Any CPU.Build.0 = Release|Any CPU
	EndGlobalSection
	GlobalSection(SolutionProperties) = preSolution
		HideSolutionNode = FALSE
	EndGlobalSection
	GlobalSection(ExtensibilityGlobals) = postSolution
		SolutionGuid = {51365AE0-9086-467D-A118-4AB0E342C97A}
	EndGlobalSection
EndGlobal
